
Microsoft Visual Studio Solution File, Format Version 12.00
# Visual Studio Version 17
VisualStudioVersion = 17.0.31903.59
MinimumVisualStudioVersion = 10.0.40219.1
Project("{2150E333-8FDC-42A3-9474-1A3956D46DE8}") = "src", "src", "{827E0CD3-B72D-47B6-A68D-7590B98EB39B}"
EndProject
Project("{FAE04EC0-301F-11D3-BF4B-00C04F79EFBC}") = "AgriSage.Domain", "src\AgriSage.Domain\AgriSage.Domain.csproj", "{05F1A147-C314-482B-BBCC-7F5B130AF52F}"
EndProject
Project("{FAE04EC0-301F-11D3-BF4B-00C04F79EFBC}") = "AgriSage.Application", "src\AgriSage.Application\AgriSage.Application.csproj", "{C5359185-F26C-481F-997D-08395B55283D}"
EndProject
Project("{FAE04EC0-301F-11D3-BF4B-00C04F79EFBC}") = "AgriSage.Infrastructure", "src\AgriSage.Infrastructure\AgriSage.Infrastructure.csproj", "{997186B3-889D-4B7B-A6E8-93897B3D475E}"
EndProject
Project("{FAE04EC0-301F-11D3-BF4B-00C04F79EFBC}") = "AgriSage.Api", "src\AgriSage.Api\AgriSage.Api.csproj", "{41F0BD32-EFAD-4643-A9AD-B2334CE5FDBC}"
EndProject
Project("{2150E333-8FDC-42A3-9474-1A3956D46DE8}") = "tests", "tests", "{0AB3BF05-4346-4AA6-1389-037BE0695223}"
EndProject
Project("{FAE04EC0-301F-11D3-BF4B-00C04F79EFBC}") = "AgriSage.UnitTests", "tests\AgriSage.UnitTests\AgriSage.UnitTests.csproj", "{CFF440DC-69A1-459A-B376-DC86CC3072F1}"
EndProject
Project("{FAE04EC0-301F-11D3-BF4B-00C04F79EFBC}") = "AgriSage.IntegrationTests", "tests\AgriSage.IntegrationTests\AgriSage.IntegrationTests.csproj", "{F9CC58E6-E797-48F9-8FD9-B8212C2DEF89}"
EndProject
Global
	GlobalSection(SolutionConfigurationPlatforms) = preSolution
		Debug|Any CPU = Debug|Any CPU
		Debug|x64 = Debug|x64
		Debug|x86 = Debug|x86
		Release|Any CPU = Release|Any CPU
		Release|x64 = Release|x64
		Release|x86 = Release|x86
	EndGlobalSection
	GlobalSection(ProjectConfigurationPlatforms) = postSolution
		{05F1A147-C314-482B-BBCC-7F5B130AF52F}.Debug|Any CPU.ActiveCfg = Debug|Any CPU
		{05F1A147-C314-482B-BBCC-7F5B130AF52F}.Debug|Any CPU.Build.0 = Debug|Any CPU
		{05F1A147-C314-482B-BBCC-7F5B130AF52F}.Debug|x64.ActiveCfg = Debug|Any CPU
		{05F1A147-C314-482B-BBCC-7F5B130AF52F}.Debug|x64.Build.0 = Debug|Any CPU
		{05F1A147-C314-482B-BBCC-7F5B130AF52F}.Debug|x86.ActiveCfg = Debug|Any CPU
		{05F1A147-C314-482B-BBCC-7F5B130AF52F}.Debug|x86.Build.0 = Debug|Any CPU
		{05F1A147-C314-482B-BBCC-7F5B130AF52F}.Release|Any CPU.ActiveCfg = Release|Any CPU
		{05F1A147-C314-482B-BBCC-7F5B130AF52F}.Release|Any CPU.Build.0 = Release|Any CPU
		{05F1A147-C314-482B-BBCC-7F5B130AF52F}.Release|x64.ActiveCfg = Release|Any CPU
		{05F1A147-C314-482B-BBCC-7F5B130AF52F}.Release|x64.Build.0 = Release|Any CPU
		{05F1A147-C314-482B-BBCC-7F5B130AF52F}.Release|x86.ActiveCfg = Release|Any CPU
		{05F1A147-C314-482B-BBCC-7F5B130AF52F}.Release|x86.Build.0 = Release|Any CPU
		{C5359185-F26C-481F-997D-08395B55283D}.Debug|Any CPU.ActiveCfg = Debug|Any CPU
		{C5359185-F26C-481F-997D-08395B55283D}.Debug|Any CPU.Build.0 = Debug|Any CPU
		{C5359185-F26C-481F-997D-08395B55283D}.Debug|x64.ActiveCfg = Debug|Any CPU
		{C5359185-F26C-481F-997D-08395B55283D}.Debug|x64.Build.0 = Debug|Any CPU
		{C5359185-F26C-481F-997D-08395B55283D}.Debug|x86.ActiveCfg = Debug|Any CPU
		{C5359185-F26C-481F-997D-08395B55283D}.Debug|x86.Build.0 = Debug|Any CPU
		{C5359185-F26C-481F-997D-08395B55283D}.Release|Any CPU.ActiveCfg = Release|Any CPU
		{C5359185-F26C-481F-997D-08395B55283D}.Release|Any CPU.Build.0 = Release|Any CPU
		{C5359185-F26C-481F-997D-08395B55283D}.Release|x64.ActiveCfg = Release|Any CPU
		{C5359185-F26C-481F-997D-08395B55283D}.Release|x64.Build.0 = Release|Any CPU
		{C5359185-F26C-481F-997D-08395B55283D}.Release|x86.ActiveCfg = Release|Any CPU
		{C5359185-F26C-481F-997D-08395B55283D}.Release|x86.Build.0 = Release|Any CPU
		{997186B3-889D-4B7B-A6E8-93897B3D475E}.Debug|Any CPU.ActiveCfg = Debug|Any CPU
		{997186B3-889D-4B7B-A6E8-93897B3D475E}.Debug|Any CPU.Build.0 = Debug|Any CPU
		{997186B3-889D-4B7B-A6E8-93897B3D475E}.Debug|x64.ActiveCfg = Debug|Any CPU
		{997186B3-889D-4B7B-A6E8-93897B3D475E}.Debug|x64.Build.0 = Debug|Any CPU
		{997186B3-889D-4B7B-A6E8-93897B3D475E}.Debug|x86.ActiveCfg = Debug|Any CPU
		{997186B3-889D-4B7B-A6E8-93897B3D475E}.Debug|x86.Build.0 = Debug|Any CPU
		{997186B3-889D-4B7B-A6E8-93897B3D475E}.Release|Any CPU.ActiveCfg = Release|Any CPU
		{997186B3-889D-4B7B-A6E8-93897B3D475E}.Release|Any CPU.Build.0 = Release|Any CPU
		{997186B3-889D-4B7B-A6E8-93897B3D475E}.Release|x64.ActiveCfg = Release|Any CPU
		{997186B3-889D-4B7B-A6E8-93897B3D475E}.Release|x64.Build.0 = Release|Any CPU
		{997186B3-889D-4B7B-A6E8-93897B3D475E}.Release|x86.ActiveCfg = Release|Any CPU
		{997186B3-889D-4B7B-A6E8-93897B3D475E}.Release|x86.Build.0 = Release|Any CPU
		{41F0BD32-EFAD-4643-A9AD-B2334CE5FDBC}.Debug|Any CPU.ActiveCfg = Debug|Any CPU
		{41F0BD32-EFAD-4643-A9AD-B2334CE5FDBC}.Debug|Any CPU.Build.0 = Debug|Any CPU
		{41F0BD32-EFAD-4643-A9AD-B2334CE5FDBC}.Debug|x64.ActiveCfg = Debug|Any CPU
		{41F0BD32-EFAD-4643-A9AD-B2334CE5FDBC}.Debug|x64.Build.0 = Debug|Any CPU
		{41F0BD32-EFAD-4643-A9AD-B2334CE5FDBC}.Debug|x86.ActiveCfg = Debug|Any CPU
		{41F0BD32-EFAD-4643-A9AD-B2334CE5FDBC}.Debug|x86.Build.0 = Debug|Any CPU
		{41F0BD32-EFAD-4643-A9AD-B2334CE5FDBC}.Release|Any CPU.ActiveCfg = Release|Any CPU
		{41F0BD32-EFAD-4643-A9AD-B2334CE5FDBC}.Release|Any CPU.Build.0 = Release|Any CPU
		{41F0BD32-EFAD-4643-A9AD-B2334CE5FDBC}.Release|x64.ActiveCfg = Release|Any CPU
		{41F0BD32-EFAD-4643-A9AD-B2334CE5FDBC}.Release|x64.Build.0 = Release|Any CPU
		{41F0BD32-EFAD-4643-A9AD-B2334CE5FDBC}.Release|x86.ActiveCfg = Release|Any CPU
		{41F0BD32-EFAD-4643-A9AD-B2334CE5FDBC}.Release|x86.Build.0 = Release|Any CPU
		{CFF440DC-69A1-459A-B376-DC86CC3072F1}.Debug|Any CPU.ActiveCfg = Debug|Any CPU
		{CFF440DC-69A1-459A-B376-DC86CC3072F1}.Debug|Any CPU.Build.0 = Debug|Any CPU
		{CFF440DC-69A1-459A-B376-DC86CC3072F1}.Debug|x64.ActiveCfg = Debug|Any CPU
		{CFF440DC-69A1-459A-B376-DC86CC3072F1}.Debug|x64.Build.0 = Debug|Any CPU
		{CFF440DC-69A1-459A-B376-DC86CC3072F1}.Debug|x86.ActiveCfg = Debug|Any CPU
		{CFF440DC-69A1-459A-B376-DC86CC3072F1}.Debug|x86.Build.0 = Debug|Any CPU
		{CFF440DC-69A1-459A-B376-DC86CC3072F1}.Release|Any CPU.ActiveCfg = Release|Any CPU
		{CFF440DC-69A1-459A-B376-DC86CC3072F1}.Release|Any CPU.Build.0 = Release|Any CPU
		{CFF440DC-69A1-459A-B376-DC86CC3072F1}.Release|x64.ActiveCfg = Release|Any CPU
		{CFF440DC-69A1-459A-B376-DC86CC3072F1}.Release|x64.Build.0 = Release|Any CPU
		{CFF440DC-69A1-459A-B376-DC86CC3072F1}.Release|x86.ActiveCfg = Release|Any CPU
		{CFF440DC-69A1-459A-B376-DC86CC3072F1}.Release|x86.Build.0 = Release|Any CPU
		{F9CC58E6-E797-48F9-8FD9-B8212C2DEF89}.Debug|Any CPU.ActiveCfg = Debug|Any CPU
		{F9CC58E6-E797-48F9-8FD9-B8212C2DEF89}.Debug|Any CPU.Build.0 = Debug|Any CPU
		{F9CC58E6-E797-48F9-8FD9-B8212C2DEF89}.Debug|x64.ActiveCfg = Debug|Any CPU
		{F9CC58E6-E797-48F9-8FD9-B8212C2DEF89}.Debug|x64.Build.0 = Debug|Any CPU
		{F9CC58E6-E797-48F9-8FD9-B8212C2DEF89}.Debug|x86.ActiveCfg = Debug|Any CPU
		{F9CC58E6-E797-48F9-8FD9-B8212C2DEF89}.Debug|x86.Build.0 = Debug|Any CPU
		{F9CC58E6-E797-48F9-8FD9-B8212C2DEF89}.Release|Any CPU.ActiveCfg = Release|Any CPU
		{F9CC58E6-E797-48F9-8FD9-B8212C2DEF89}.Release|Any CPU.Build.0 = Release|Any CPU
		{F9CC58E6-E797-48F9-8FD9-B8212C2DEF89}.Release|x64.ActiveCfg = Release|Any CPU
		{F9CC58E6-E797-48F9-8FD9-B8212C2DEF89}.Release|x64.Build.0 = Release|Any CPU
		{F9CC58E6-E797-48F9-8FD9-B8212C2DEF89}.Release|x86.ActiveCfg = Release|Any CPU
		{F9CC58E6-E797-48F9-8FD9-B8212C2DEF89}.Release|x86.Build.0 = Release|Any CPU
	EndGlobalSection
	GlobalSection(SolutionProperties) = preSolution
		HideSolutionNode = FALSE
	EndGlobalSection
	GlobalSection(NestedProjects) = preSolution
		{05F1A147-C314-482B-BBCC-7F5B130AF52F} = {827E0CD3-B72D-47B6-A68D-7590B98EB39B}
		{C5359185-F26C-481F-997D-08395B55283D} = {827E0CD3-B72D-47B6-A68D-7590B98EB39B}
		{997186B3-889D-4B7B-A6E8-93897B3D475E} = {827E0CD3-B72D-47B6-A68D-7590B98EB39B}
		{41F0BD32-EFAD-4643-A9AD-B2334CE5FDBC} = {827E0CD3-B72D-47B6-A68D-7590B98EB39B}
		{CFF440DC-69A1-459A-B376-DC86CC3072F1} = {0AB3BF05-4346-4AA6-1389-037BE0695223}
		{F9CC58E6-E797-48F9-8FD9-B8212C2DEF89} = {0AB3BF05-4346-4AA6-1389-037BE0695223}
	EndGlobalSection
EndGlobal
